
Microsoft Visual Studio Solution File, Format Version 12.00
# Visual Studio 2012
Project("{2150E333-8FDC-42A3-9474-1A3956D46DE8}") = "Tests", "Tests", "{6A2AAA05-2A96-4354-A207-EAA49A3E5D0A}"
EndProject
Project("{2150E333-8FDC-42A3-9474-1A3956D46DE8}") = "Conventions", "Conventions", "{3DEF9936-DE6A-4C0D-8B1A-9716053288F9}"
EndProject
Project("{2150E333-8FDC-42A3-9474-1A3956D46DE8}") = ".nuget", ".nuget", "{CDD496AD-7266-4450-9BB8-8041A3CA2986}"
	ProjectSection(SolutionItems) = preProject
		.nuget\NuGet.Config = .nuget\NuGet.Config
		.nuget\nuget.exe = .nuget\nuget.exe
		.nuget\NuGet.targets = .nuget\NuGet.targets
	EndProjectSection
EndProject
Project("{2150E333-8FDC-42A3-9474-1A3956D46DE8}") = ".Welcome", ".Welcome", "{03B9D8CA-26DD-4F50-8C7B-B07DB6EA2716}"
	ProjectSection(SolutionItems) = preProject
		LICENSE.txt = LICENSE.txt
		NOTICE.txt = NOTICE.txt
	EndProjectSection
EndProject
Project("{2150E333-8FDC-42A3-9474-1A3956D46DE8}") = "Build", "Build", "{8A784BD4-10B7-4276-8F35-C25E77E5649B}"
	ProjectSection(SolutionItems) = preProject
		build.cmd = build.cmd
		build.sh = build.sh
		src\Common.targets = src\Common.targets
		Sakefile.shade = Sakefile.shade
	EndProjectSection
EndProject
Project("{FAE04EC0-301F-11D3-BF4B-00C04F79EFBC}") = "Owin", "src\main\Owin.Startup\Owin.csproj", "{480FD49E-9C69-4FCE-B93A-3E65AFBF82D9}"
EndProject
Project("{FAE04EC0-301F-11D3-BF4B-00C04F79EFBC}") = "Owin.Builder", "src\main\Owin.Builder\Owin.Builder.csproj", "{2DCFACC8-AFD4-4FBA-8A89-9ACDC5CF4964}"
EndProject
Project("{FAE04EC0-301F-11D3-BF4B-00C04F79EFBC}") = "Owin.Builder.Tests", "src\test\Owin.Builder.Tests\Owin.Builder.Tests.csproj", "{0AF835A6-8181-46DB-A17E-C765FA07A5A0}"
EndProject
Project("{FAE04EC0-301F-11D3-BF4B-00C04F79EFBC}") = "StartupConvention1", "src\test\StartupConvention1\StartupConvention1.csproj", "{E8B6B07D-E8AA-4C5C-AB5C-BB1E10723C88}"
EndProject
Project("{FAE04EC0-301F-11D3-BF4B-00C04F79EFBC}") = "StartupConvention2", "src\test\StartupConvention2\StartupConvention2.csproj", "{23008F98-F199-40EE-A9E6-9269E67A70BD}"
EndProject
Project("{FAE04EC0-301F-11D3-BF4B-00C04F79EFBC}") = "MiddlewareConvention1", "src\test\MiddlewareConvention1\MiddlewareConvention1.csproj", "{0AB5F10C-F0AD-47AD-AF23-AE80CDB7A19C}"
EndProject
Project("{FAE04EC0-301F-11D3-BF4B-00C04F79EFBC}") = "MiddlewareConvention2", "src\test\MiddlewareConvention2\MiddlewareConvention2.csproj", "{7F67B407-628C-403D-9235-EEE6AF64D32A}"
EndProject
Project("{FAE04EC0-301F-11D3-BF4B-00C04F79EFBC}") = "Owin.Loader", "src\main\Owin.Loader\Owin.Loader.csproj", "{DF967ED4-C320-421C-859C-81034EFF615E}"
EndProject
Project("{FAE04EC0-301F-11D3-BF4B-00C04F79EFBC}") = "Owin.Loader.Tests", "src\test\Owin.Loader.Tests\Owin.Loader.Tests.csproj", "{13785347-FC73-4D0E-9DCA-300DD87C308E}"
EndProject
Project("{FAE04EC0-301F-11D3-BF4B-00C04F79EFBC}") = "Utils", "src\test\Utils\Utils.csproj", "{0BF71599-B6C3-4825-9169-B809971A7ED7}"
EndProject
Project("{FAE04EC0-301F-11D3-BF4B-00C04F79EFBC}") = "Owin.Extensions", "src\main\Owin.Extensions\Owin.Extensions.csproj", "{EB90CB5C-13D4-4E8A-AB69-839A99E9066A}"
EndProject
Project("{FAE04EC0-301F-11D3-BF4B-00C04F79EFBC}") = "Owin.AutoStartup", "src\main\Owin.AutoStartup\Owin.AutoStartup.csproj", "{5F97C4CD-31D3-4AC7-A5AB-E0E4D0B79849}"
EndProject
Project("{FAE04EC0-301F-11D3-BF4B-00C04F79EFBC}") = "Owin.Types", "src\main\Owin.Types\Owin.Types.csproj", "{06B11480-240F-4EFB-AA6C-8EB354ADCF83}"
EndProject
Project("{FAE04EC0-301F-11D3-BF4B-00C04F79EFBC}") = "Owin.Types.Tests", "src\test\Owin.Types.Tests\Owin.Types.Tests.csproj", "{79EFA752-FC41-4245-B6FD-69C826E6E47C}"
EndProject
Project("{FAE04EC0-301F-11D3-BF4B-00C04F79EFBC}") = "MiddlewareConvention3", "src\test\MiddlewareConvention3\MiddlewareConvention3.csproj", "{C6E6E08C-5D2F-4AB4-A8D2-B811C83A0382}"
EndProject
Global
	GlobalSection(SolutionConfigurationPlatforms) = preSolution
		Debug|Any CPU = Debug|Any CPU
		Debug|ARM = Debug|ARM
		Debug|x64 = Debug|x64
		Debug|x86 = Debug|x86
		Release|Any CPU = Release|Any CPU
		Release|ARM = Release|ARM
		Release|x64 = Release|x64
		Release|x86 = Release|x86
	EndGlobalSection
	GlobalSection(ProjectConfigurationPlatforms) = postSolution
		{480FD49E-9C69-4FCE-B93A-3E65AFBF82D9}.Debug|Any CPU.ActiveCfg = Debug|Any CPU
		{480FD49E-9C69-4FCE-B93A-3E65AFBF82D9}.Debug|Any CPU.Build.0 = Debug|Any CPU
		{480FD49E-9C69-4FCE-B93A-3E65AFBF82D9}.Debug|ARM.ActiveCfg = Debug|Any CPU
		{480FD49E-9C69-4FCE-B93A-3E65AFBF82D9}.Debug|x64.ActiveCfg = Debug|Any CPU
		{480FD49E-9C69-4FCE-B93A-3E65AFBF82D9}.Debug|x86.ActiveCfg = Debug|Any CPU
		{480FD49E-9C69-4FCE-B93A-3E65AFBF82D9}.Release|Any CPU.ActiveCfg = Release|Any CPU
		{480FD49E-9C69-4FCE-B93A-3E65AFBF82D9}.Release|Any CPU.Build.0 = Release|Any CPU
		{480FD49E-9C69-4FCE-B93A-3E65AFBF82D9}.Release|ARM.ActiveCfg = Release|Any CPU
		{480FD49E-9C69-4FCE-B93A-3E65AFBF82D9}.Release|x64.ActiveCfg = Release|Any CPU
		{480FD49E-9C69-4FCE-B93A-3E65AFBF82D9}.Release|x86.ActiveCfg = Release|Any CPU
		{2DCFACC8-AFD4-4FBA-8A89-9ACDC5CF4964}.Debug|Any CPU.ActiveCfg = Debug|Any CPU
		{2DCFACC8-AFD4-4FBA-8A89-9ACDC5CF4964}.Debug|Any CPU.Build.0 = Debug|Any CPU
		{2DCFACC8-AFD4-4FBA-8A89-9ACDC5CF4964}.Debug|ARM.ActiveCfg = Debug|Any CPU
		{2DCFACC8-AFD4-4FBA-8A89-9ACDC5CF4964}.Debug|x64.ActiveCfg = Debug|Any CPU
		{2DCFACC8-AFD4-4FBA-8A89-9ACDC5CF4964}.Debug|x86.ActiveCfg = Debug|Any CPU
		{2DCFACC8-AFD4-4FBA-8A89-9ACDC5CF4964}.Release|Any CPU.ActiveCfg = Release|Any CPU
		{2DCFACC8-AFD4-4FBA-8A89-9ACDC5CF4964}.Release|Any CPU.Build.0 = Release|Any CPU
		{2DCFACC8-AFD4-4FBA-8A89-9ACDC5CF4964}.Release|ARM.ActiveCfg = Release|Any CPU
		{2DCFACC8-AFD4-4FBA-8A89-9ACDC5CF4964}.Release|x64.ActiveCfg = Release|Any CPU
		{2DCFACC8-AFD4-4FBA-8A89-9ACDC5CF4964}.Release|x86.ActiveCfg = Release|Any CPU
		{0AF835A6-8181-46DB-A17E-C765FA07A5A0}.Debug|Any CPU.ActiveCfg = Debug|Any CPU
		{0AF835A6-8181-46DB-A17E-C765FA07A5A0}.Debug|Any CPU.Build.0 = Debug|Any CPU
		{0AF835A6-8181-46DB-A17E-C765FA07A5A0}.Debug|ARM.ActiveCfg = Debug|Any CPU
		{0AF835A6-8181-46DB-A17E-C765FA07A5A0}.Debug|x64.ActiveCfg = Debug|Any CPU
		{0AF835A6-8181-46DB-A17E-C765FA07A5A0}.Debug|x86.ActiveCfg = Debug|Any CPU
		{0AF835A6-8181-46DB-A17E-C765FA07A5A0}.Release|Any CPU.ActiveCfg = Release|Any CPU
		{0AF835A6-8181-46DB-A17E-C765FA07A5A0}.Release|Any CPU.Build.0 = Release|Any CPU
		{0AF835A6-8181-46DB-A17E-C765FA07A5A0}.Release|ARM.ActiveCfg = Release|Any CPU
		{0AF835A6-8181-46DB-A17E-C765FA07A5A0}.Release|x64.ActiveCfg = Release|Any CPU
		{0AF835A6-8181-46DB-A17E-C765FA07A5A0}.Release|x86.ActiveCfg = Release|Any CPU
		{E8B6B07D-E8AA-4C5C-AB5C-BB1E10723C88}.Debug|Any CPU.ActiveCfg = Debug|Any CPU
		{E8B6B07D-E8AA-4C5C-AB5C-BB1E10723C88}.Debug|Any CPU.Build.0 = Debug|Any CPU
		{E8B6B07D-E8AA-4C5C-AB5C-BB1E10723C88}.Debug|ARM.ActiveCfg = Debug|Any CPU
		{E8B6B07D-E8AA-4C5C-AB5C-BB1E10723C88}.Debug|x64.ActiveCfg = Debug|Any CPU
		{E8B6B07D-E8AA-4C5C-AB5C-BB1E10723C88}.Debug|x86.ActiveCfg = Debug|Any CPU
		{E8B6B07D-E8AA-4C5C-AB5C-BB1E10723C88}.Release|Any CPU.ActiveCfg = Release|Any CPU
		{E8B6B07D-E8AA-4C5C-AB5C-BB1E10723C88}.Release|Any CPU.Build.0 = Release|Any CPU
		{E8B6B07D-E8AA-4C5C-AB5C-BB1E10723C88}.Release|ARM.ActiveCfg = Release|Any CPU
		{E8B6B07D-E8AA-4C5C-AB5C-BB1E10723C88}.Release|x64.ActiveCfg = Release|Any CPU
		{E8B6B07D-E8AA-4C5C-AB5C-BB1E10723C88}.Release|x86.ActiveCfg = Release|Any CPU
		{23008F98-F199-40EE-A9E6-9269E67A70BD}.Debug|Any CPU.ActiveCfg = Debug|Any CPU
		{23008F98-F199-40EE-A9E6-9269E67A70BD}.Debug|Any CPU.Build.0 = Debug|Any CPU
		{23008F98-F199-40EE-A9E6-9269E67A70BD}.Debug|ARM.ActiveCfg = Debug|Any CPU
		{23008F98-F199-40EE-A9E6-9269E67A70BD}.Debug|x64.ActiveCfg = Debug|Any CPU
		{23008F98-F199-40EE-A9E6-9269E67A70BD}.Debug|x86.ActiveCfg = Debug|Any CPU
		{23008F98-F199-40EE-A9E6-9269E67A70BD}.Release|Any CPU.ActiveCfg = Release|Any CPU
		{23008F98-F199-40EE-A9E6-9269E67A70BD}.Release|Any CPU.Build.0 = Release|Any CPU
		{23008F98-F199-40EE-A9E6-9269E67A70BD}.Release|ARM.ActiveCfg = Release|Any CPU
		{23008F98-F199-40EE-A9E6-9269E67A70BD}.Release|x64.ActiveCfg = Release|Any CPU
		{23008F98-F199-40EE-A9E6-9269E67A70BD}.Release|x86.ActiveCfg = Release|Any CPU
		{0AB5F10C-F0AD-47AD-AF23-AE80CDB7A19C}.Debug|Any CPU.ActiveCfg = Debug|Any CPU
		{0AB5F10C-F0AD-47AD-AF23-AE80CDB7A19C}.Debug|Any CPU.Build.0 = Debug|Any CPU
		{0AB5F10C-F0AD-47AD-AF23-AE80CDB7A19C}.Debug|ARM.ActiveCfg = Debug|Any CPU
		{0AB5F10C-F0AD-47AD-AF23-AE80CDB7A19C}.Debug|x64.ActiveCfg = Debug|Any CPU
		{0AB5F10C-F0AD-47AD-AF23-AE80CDB7A19C}.Debug|x86.ActiveCfg = Debug|Any CPU
		{0AB5F10C-F0AD-47AD-AF23-AE80CDB7A19C}.Release|Any CPU.ActiveCfg = Release|Any CPU
		{0AB5F10C-F0AD-47AD-AF23-AE80CDB7A19C}.Release|Any CPU.Build.0 = Release|Any CPU
		{0AB5F10C-F0AD-47AD-AF23-AE80CDB7A19C}.Release|ARM.ActiveCfg = Release|Any CPU
		{0AB5F10C-F0AD-47AD-AF23-AE80CDB7A19C}.Release|x64.ActiveCfg = Release|Any CPU
		{0AB5F10C-F0AD-47AD-AF23-AE80CDB7A19C}.Release|x86.ActiveCfg = Release|Any CPU
		{7F67B407-628C-403D-9235-EEE6AF64D32A}.Debug|Any CPU.ActiveCfg = Debug|Any CPU
		{7F67B407-628C-403D-9235-EEE6AF64D32A}.Debug|Any CPU.Build.0 = Debug|Any CPU
		{7F67B407-628C-403D-9235-EEE6AF64D32A}.Debug|ARM.ActiveCfg = Debug|Any CPU
		{7F67B407-628C-403D-9235-EEE6AF64D32A}.Debug|x64.ActiveCfg = Debug|Any CPU
		{7F67B407-628C-403D-9235-EEE6AF64D32A}.Debug|x86.ActiveCfg = Debug|Any CPU
		{7F67B407-628C-403D-9235-EEE6AF64D32A}.Release|Any CPU.ActiveCfg = Release|Any CPU
		{7F67B407-628C-403D-9235-EEE6AF64D32A}.Release|Any CPU.Build.0 = Release|Any CPU
		{7F67B407-628C-403D-9235-EEE6AF64D32A}.Release|ARM.ActiveCfg = Release|Any CPU
		{7F67B407-628C-403D-9235-EEE6AF64D32A}.Release|x64.ActiveCfg = Release|Any CPU
		{7F67B407-628C-403D-9235-EEE6AF64D32A}.Release|x86.ActiveCfg = Release|Any CPU
		{DF967ED4-C320-421C-859C-81034EFF615E}.Debug|Any CPU.ActiveCfg = Debug|Any CPU
		{DF967ED4-C320-421C-859C-81034EFF615E}.Debug|Any CPU.Build.0 = Debug|Any CPU
		{DF967ED4-C320-421C-859C-81034EFF615E}.Debug|ARM.ActiveCfg = Debug|Any CPU
		{DF967ED4-C320-421C-859C-81034EFF615E}.Debug|x64.ActiveCfg = Debug|Any CPU
		{DF967ED4-C320-421C-859C-81034EFF615E}.Debug|x86.ActiveCfg = Debug|Any CPU
		{DF967ED4-C320-421C-859C-81034EFF615E}.Release|Any CPU.ActiveCfg = Release|Any CPU
		{DF967ED4-C320-421C-859C-81034EFF615E}.Release|Any CPU.Build.0 = Release|Any CPU
		{DF967ED4-C320-421C-859C-81034EFF615E}.Release|ARM.ActiveCfg = Release|Any CPU
		{DF967ED4-C320-421C-859C-81034EFF615E}.Release|x64.ActiveCfg = Release|Any CPU
		{DF967ED4-C320-421C-859C-81034EFF615E}.Release|x86.ActiveCfg = Release|Any CPU
		{13785347-FC73-4D0E-9DCA-300DD87C308E}.Debug|Any CPU.ActiveCfg = Debug|Any CPU
		{13785347-FC73-4D0E-9DCA-300DD87C308E}.Debug|Any CPU.Build.0 = Debug|Any CPU
		{13785347-FC73-4D0E-9DCA-300DD87C308E}.Debug|ARM.ActiveCfg = Debug|Any CPU
		{13785347-FC73-4D0E-9DCA-300DD87C308E}.Debug|x64.ActiveCfg = Debug|Any CPU
		{13785347-FC73-4D0E-9DCA-300DD87C308E}.Debug|x86.ActiveCfg = Debug|Any CPU
		{13785347-FC73-4D0E-9DCA-300DD87C308E}.Release|Any CPU.ActiveCfg = Release|Any CPU
		{13785347-FC73-4D0E-9DCA-300DD87C308E}.Release|ARM.ActiveCfg = Release|Any CPU
		{13785347-FC73-4D0E-9DCA-300DD87C308E}.Release|x64.ActiveCfg = Release|Any CPU
		{13785347-FC73-4D0E-9DCA-300DD87C308E}.Release|x86.ActiveCfg = Release|Any CPU
		{0BF71599-B6C3-4825-9169-B809971A7ED7}.Debug|Any CPU.ActiveCfg = Debug|Any CPU
		{0BF71599-B6C3-4825-9169-B809971A7ED7}.Debug|Any CPU.Build.0 = Debug|Any CPU
		{0BF71599-B6C3-4825-9169-B809971A7ED7}.Debug|ARM.ActiveCfg = Debug|Any CPU
		{0BF71599-B6C3-4825-9169-B809971A7ED7}.Debug|x64.ActiveCfg = Debug|Any CPU
		{0BF71599-B6C3-4825-9169-B809971A7ED7}.Debug|x86.ActiveCfg = Debug|Any CPU
		{0BF71599-B6C3-4825-9169-B809971A7ED7}.Release|Any CPU.ActiveCfg = Release|Any CPU
		{0BF71599-B6C3-4825-9169-B809971A7ED7}.Release|Any CPU.Build.0 = Release|Any CPU
		{0BF71599-B6C3-4825-9169-B809971A7ED7}.Release|ARM.ActiveCfg = Release|Any CPU
		{0BF71599-B6C3-4825-9169-B809971A7ED7}.Release|x64.ActiveCfg = Release|Any CPU
		{0BF71599-B6C3-4825-9169-B809971A7ED7}.Release|x86.ActiveCfg = Release|Any CPU
		{EB90CB5C-13D4-4E8A-AB69-839A99E9066A}.Debug|Any CPU.ActiveCfg = Debug|Any CPU
		{EB90CB5C-13D4-4E8A-AB69-839A99E9066A}.Debug|Any CPU.Build.0 = Debug|Any CPU
		{EB90CB5C-13D4-4E8A-AB69-839A99E9066A}.Debug|ARM.ActiveCfg = Debug|Any CPU
		{EB90CB5C-13D4-4E8A-AB69-839A99E9066A}.Debug|x64.ActiveCfg = Debug|Any CPU
		{EB90CB5C-13D4-4E8A-AB69-839A99E9066A}.Debug|x86.ActiveCfg = Debug|Any CPU
		{EB90CB5C-13D4-4E8A-AB69-839A99E9066A}.Release|Any CPU.ActiveCfg = Release|Any CPU
		{EB90CB5C-13D4-4E8A-AB69-839A99E9066A}.Release|Any CPU.Build.0 = Release|Any CPU
		{EB90CB5C-13D4-4E8A-AB69-839A99E9066A}.Release|ARM.ActiveCfg = Release|Any CPU
		{EB90CB5C-13D4-4E8A-AB69-839A99E9066A}.Release|x64.ActiveCfg = Release|Any CPU
		{EB90CB5C-13D4-4E8A-AB69-839A99E9066A}.Release|x86.ActiveCfg = Release|Any CPU
		{5F97C4CD-31D3-4AC7-A5AB-E0E4D0B79849}.Debug|Any CPU.ActiveCfg = Debug|Any CPU
		{5F97C4CD-31D3-4AC7-A5AB-E0E4D0B79849}.Debug|Any CPU.Build.0 = Debug|Any CPU
		{5F97C4CD-31D3-4AC7-A5AB-E0E4D0B79849}.Debug|ARM.ActiveCfg = Debug|Any CPU
		{5F97C4CD-31D3-4AC7-A5AB-E0E4D0B79849}.Debug|x64.ActiveCfg = Debug|Any CPU
		{5F97C4CD-31D3-4AC7-A5AB-E0E4D0B79849}.Debug|x86.ActiveCfg = Debug|Any CPU
		{5F97C4CD-31D3-4AC7-A5AB-E0E4D0B79849}.Release|Any CPU.ActiveCfg = Release|Any CPU
		{5F97C4CD-31D3-4AC7-A5AB-E0E4D0B79849}.Release|Any CPU.Build.0 = Release|Any CPU
		{5F97C4CD-31D3-4AC7-A5AB-E0E4D0B79849}.Release|ARM.ActiveCfg = Release|Any CPU
		{5F97C4CD-31D3-4AC7-A5AB-E0E4D0B79849}.Release|x64.ActiveCfg = Release|Any CPU
		{5F97C4CD-31D3-4AC7-A5AB-E0E4D0B79849}.Release|x86.ActiveCfg = Release|Any CPU
		{06B11480-240F-4EFB-AA6C-8EB354ADCF83}.Debug|Any CPU.ActiveCfg = Debug|Any CPU
		{06B11480-240F-4EFB-AA6C-8EB354ADCF83}.Debug|Any CPU.Build.0 = Debug|Any CPU
		{06B11480-240F-4EFB-AA6C-8EB354ADCF83}.Debug|ARM.ActiveCfg = Debug|Any CPU
		{06B11480-240F-4EFB-AA6C-8EB354ADCF83}.Debug|x64.ActiveCfg = Debug|Any CPU
		{06B11480-240F-4EFB-AA6C-8EB354ADCF83}.Debug|x86.ActiveCfg = Debug|Any CPU
		{06B11480-240F-4EFB-AA6C-8EB354ADCF83}.Release|Any CPU.ActiveCfg = Release|Any CPU
		{06B11480-240F-4EFB-AA6C-8EB354ADCF83}.Release|Any CPU.Build.0 = Release|Any CPU
		{06B11480-240F-4EFB-AA6C-8EB354ADCF83}.Release|ARM.ActiveCfg = Release|Any CPU
		{06B11480-240F-4EFB-AA6C-8EB354ADCF83}.Release|x64.ActiveCfg = Release|Any CPU
		{06B11480-240F-4EFB-AA6C-8EB354ADCF83}.Release|x86.ActiveCfg = Release|Any CPU
		{79EFA752-FC41-4245-B6FD-69C826E6E47C}.Debug|Any CPU.ActiveCfg = Debug|Any CPU
		{79EFA752-FC41-4245-B6FD-69C826E6E47C}.Debug|Any CPU.Build.0 = Debug|Any CPU
		{79EFA752-FC41-4245-B6FD-69C826E6E47C}.Debug|ARM.ActiveCfg = Debug|Any CPU
		{79EFA752-FC41-4245-B6FD-69C826E6E47C}.Debug|x64.ActiveCfg = Debug|Any CPU
		{79EFA752-FC41-4245-B6FD-69C826E6E47C}.Debug|x86.ActiveCfg = Debug|Any CPU
		{79EFA752-FC41-4245-B6FD-69C826E6E47C}.Release|Any CPU.ActiveCfg = Release|Any CPU
		{79EFA752-FC41-4245-B6FD-69C826E6E47C}.Release|Any CPU.Build.0 = Release|Any CPU
		{79EFA752-FC41-4245-B6FD-69C826E6E47C}.Release|ARM.ActiveCfg = Release|Any CPU
		{79EFA752-FC41-4245-B6FD-69C826E6E47C}.Release|x64.ActiveCfg = Release|Any CPU
		{79EFA752-FC41-4245-B6FD-69C826E6E47C}.Release|x86.ActiveCfg = Release|Any CPU
		{C6E6E08C-5D2F-4AB4-A8D2-B811C83A0382}.Debug|Any CPU.ActiveCfg = Debug|Any CPU
		{C6E6E08C-5D2F-4AB4-A8D2-B811C83A0382}.Debug|Any CPU.Build.0 = Debug|Any CPU
		{C6E6E08C-5D2F-4AB4-A8D2-B811C83A0382}.Debug|ARM.ActiveCfg = Debug|Any CPU
		{C6E6E08C-5D2F-4AB4-A8D2-B811C83A0382}.Debug|x64.ActiveCfg = Debug|Any CPU
		{C6E6E08C-5D2F-4AB4-A8D2-B811C83A0382}.Debug|x86.ActiveCfg = Debug|Any CPU
		{C6E6E08C-5D2F-4AB4-A8D2-B811C83A0382}.Release|Any CPU.ActiveCfg = Release|Any CPU
		{C6E6E08C-5D2F-4AB4-A8D2-B811C83A0382}.Release|Any CPU.Build.0 = Release|Any CPU
		{C6E6E08C-5D2F-4AB4-A8D2-B811C83A0382}.Release|ARM.ActiveCfg = Release|Any CPU
		{C6E6E08C-5D2F-4AB4-A8D2-B811C83A0382}.Release|x64.ActiveCfg = Release|Any CPU
		{C6E6E08C-5D2F-4AB4-A8D2-B811C83A0382}.Release|x86.ActiveCfg = Release|Any CPU
	EndGlobalSection
	GlobalSection(SolutionProperties) = preSolution
		HideSolutionNode = FALSE
	EndGlobalSection
	GlobalSection(NestedProjects) = preSolution
		{0AF835A6-8181-46DB-A17E-C765FA07A5A0} = {6A2AAA05-2A96-4354-A207-EAA49A3E5D0A}
		{13785347-FC73-4D0E-9DCA-300DD87C308E} = {6A2AAA05-2A96-4354-A207-EAA49A3E5D0A}
		{79EFA752-FC41-4245-B6FD-69C826E6E47C} = {6A2AAA05-2A96-4354-A207-EAA49A3E5D0A}
		{E8B6B07D-E8AA-4C5C-AB5C-BB1E10723C88} = {3DEF9936-DE6A-4C0D-8B1A-9716053288F9}
		{23008F98-F199-40EE-A9E6-9269E67A70BD} = {3DEF9936-DE6A-4C0D-8B1A-9716053288F9}
		{0AB5F10C-F0AD-47AD-AF23-AE80CDB7A19C} = {3DEF9936-DE6A-4C0D-8B1A-9716053288F9}
		{7F67B407-628C-403D-9235-EEE6AF64D32A} = {3DEF9936-DE6A-4C0D-8B1A-9716053288F9}
		{0BF71599-B6C3-4825-9169-B809971A7ED7} = {3DEF9936-DE6A-4C0D-8B1A-9716053288F9}
		{C6E6E08C-5D2F-4AB4-A8D2-B811C83A0382} = {3DEF9936-DE6A-4C0D-8B1A-9716053288F9}
		{CDD496AD-7266-4450-9BB8-8041A3CA2986} = {03B9D8CA-26DD-4F50-8C7B-B07DB6EA2716}
		{8A784BD4-10B7-4276-8F35-C25E77E5649B} = {03B9D8CA-26DD-4F50-8C7B-B07DB6EA2716}
	EndGlobalSection
EndGlobal
